
Microsoft Visual Studio Solution File, Format Version 12.00
# Visual Studio Version 17
VisualStudioVersion = 17.14.36301.6 d17.14
MinimumVisualStudioVersion = 10.0.40219.1
Project("{FAE04EC0-301F-11D3-BF4B-00C04F79EFBC}") = "TaskTrackerAPI.Domain", "TaskTrackerAPI.Domain\TaskTrackerAPI.Domain.csproj", "{20BACF16-1CED-40D8-825F-612A8A609EDA}"
EndProject
Project("{FAE04EC0-301F-11D3-BF4B-00C04F79EFBC}") = "TaskTrackerAPI.Application", "TaskTrackerAPI.Application\TaskTrackerAPI.Application.csproj", "{C116117E-EE20-4DA2-91A1-6633B819E223}"
EndProject
Project("{FAE04EC0-301F-11D3-BF4B-00C04F79EFBC}") = "TaskTrackerAPI.Infrastructure", "TaskTrackerAPI.Infrastructure\TaskTrackerAPI.Infrastructure.csproj", "{AA02E9B1-5E94-44C0-8CD0-E2B5E23E0632}"
EndProject
Project("{FAE04EC0-301F-11D3-BF4B-00C04F79EFBC}") = "TaskTrackerAPI.API", "TaskTrackerAPI.API\TaskTrackerAPI.API.csproj", "{711E7113-66DE-4BE4-8E25-CB5D1FA25DE0}"
EndProject
Project("{FAE04EC0-301F-11D3-BF4B-00C04F79EFBC}") = "TaskTrackerAPI.Tests", "TaskTrackerAPI.Tests\TaskTrackerAPI.Tests.csproj", "{0D97410A-097E-4B21-8B63-C5776911EBF8}"
EndProject
Global
	GlobalSection(SolutionConfigurationPlatforms) = preSolution
		Debug|Any CPU = Debug|Any CPU
		Release|Any CPU = Release|Any CPU
	EndGlobalSection
	GlobalSection(ProjectConfigurationPlatforms) = postSolution
		{20BACF16-1CED-40D8-825F-612A8A609EDA}.Debug|Any CPU.ActiveCfg = Debug|Any CPU
		{20BACF16-1CED-40D8-825F-612A8A609EDA}.Debug|Any CPU.Build.0 = Debug|Any CPU
		{20BACF16-1CED-40D8-825F-612A8A609EDA}.Release|Any CPU.ActiveCfg = Release|Any CPU
		{20BACF16-1CED-40D8-825F-612A8A609EDA}.Release|Any CPU.Build.0 = Release|Any CPU
		{C116117E-EE20-4DA2-91A1-6633B819E223}.Debug|Any CPU.ActiveCfg = Debug|Any CPU
		{C116117E-EE20-4DA2-91A1-6633B819E223}.Debug|Any CPU.Build.0 = Debug|Any CPU
		{C116117E-EE20-4DA2-91A1-6633B819E223}.Release|Any CPU.ActiveCfg = Release|Any CPU
		{C116117E-EE20-4DA2-91A1-6633B819E223}.Release|Any CPU.Build.0 = Release|Any CPU
		{AA02E9B1-5E94-44C0-8CD0-E2B5E23E0632}.Debug|Any CPU.ActiveCfg = Debug|Any CPU
		{AA02E9B1-5E94-44C0-8CD0-E2B5E23E0632}.Debug|Any CPU.Build.0 = Debug|Any CPU
		{AA02E9B1-5E94-44C0-8CD0-E2B5E23E0632}.Release|Any CPU.ActiveCfg = Release|Any CPU
		{AA02E9B1-5E94-44C0-8CD0-E2B5E23E0632}.Release|Any CPU.Build.0 = Release|Any CPU
		{711E7113-66DE-4BE4-8E25-CB5D1FA25DE0}.Debug|Any CPU.ActiveCfg = Debug|Any CPU
		{711E7113-66DE-4BE4-8E25-CB5D1FA25DE0}.Debug|Any CPU.Build.0 = Debug|Any CPU
		{711E7113-66DE-4BE4-8E25-CB5D1FA25DE0}.Release|Any CPU.ActiveCfg = Release|Any CPU
		{711E7113-66DE-4BE4-8E25-CB5D1FA25DE0}.Release|Any CPU.Build.0 = Release|Any CPU
		{0D97410A-097E-4B21-8B63-C5776911EBF8}.Debug|Any CPU.ActiveCfg = Debug|Any CPU
		{0D97410A-097E-4B21-8B63-C5776911EBF8}.Debug|Any CPU.Build.0 = Debug|Any CPU
		{0D97410A-097E-4B21-8B63-C5776911EBF8}.Release|Any CPU.ActiveCfg = Release|Any CPU
		{0D97410A-097E-4B21-8B63-C5776911EBF8}.Release|Any CPU.Build.0 = Release|Any CPU
	EndGlobalSection
	GlobalSection(SolutionProperties) = preSolution
		HideSolutionNode = FALSE
	EndGlobalSection
	GlobalSection(ExtensibilityGlobals) = postSolution
		SolutionGuid = {1CABAC20-60EE-41DB-B7C3-75692A07D5B6}
	EndGlobalSection
EndGlobal
